# THIS IS AN AUTOGENERATED FILE. DO NOT EDIT THIS FILE DIRECTLY.
assets/bundle.js:
  development: 2017-10-24T20:34:07-04:00   f848f8852f5af5952525e4208f00e69b
assets/home-01.jpg:
  development: 2017-05-15T23:03:08-04:00   5c9076be9fe9ff77016f80ac166b5ddb
assets/home-02.jpg:
  development: 2017-10-24T17:58:37-04:00   3379d5bd0cb30fc1804a6d968e3e601c
assets/home-03.jpg:
  development: 2017-10-24T17:58:37-04:00   bbd51c0903d195dd7d4c3f207f3d6f83
assets/home-mobile-01.jpg:
  development: 2017-05-15T23:03:19-04:00   09f56d78eafe2e816d66e82fb5285feb
assets/home-mobile-02.jpg:
  development: 2017-10-24T17:58:40-04:00   ded18dbdc3c54ec846bdde01aa114653
assets/home-mobile-03.jpg:
  development: 2017-10-24T17:58:40-04:00   57e638a47d444b2b5f7c8eed159b4e51
assets/info.js:
  development: 2017-10-24T20:02:50-04:00   bba5675d96573c422a28fc91213eee2e
assets/main.js:
  development: 2017-10-18T19:39:40-04:00   8ebaa0d656e49fee7bc3a6260832ae78
assets/teste.js:
  development: 2017-10-24T18:39:15-04:00   9daa0ce068584ceb92f35e34c02240fe
layout/theme.liquid:
  development: 2017-10-24T20:12:51-04:00   fbdb23084a3eb76c54daa01b50bb39af
sections/cart-template.liquid:
  development: 2017-10-21T15:45:30-04:00   981977a429e0e4f4b399a95c18e6222a
sections/header.liquid:
  development: 2017-10-24T20:49:56-04:00   2132416494048603895fd83af8d977d0
sections/hero.liquid:
  development: 2017-10-24T18:49:49-04:00   8dcbc07170d5402a4c13b4338829fd83
sections/product-template.liquid:
  development: 2017-10-24T17:50:27-04:00   bff555463d53a787037aaa9f940d4806
templates/page.liquid:
  development: 2017-10-24T20:10:57-04:00   442144881c83fec5c5d412874a81d8bb
